
Microsoft Visual Studio Solution File, Format Version 12.00
# Visual Studio Version 17
VisualStudioVersion = 17.0.31903.59
MinimumVisualStudioVersion = 10.0.40219.1
Project("{2150E333-8FDC-42A3-9474-1A3956D46DE8}") = "src", "src", "{827E0CD3-B72D-47B6-A68D-7590B98EB39B}"
EndProject
Project("{F2A71F9B-5D33-465A-A702-920D77279786}") = "FinancialAccounting.Domain", "src\FinancialAccounting.Domain\FinancialAccounting.Domain.fsproj", "{019CADD7-4CEC-4DE1-A24B-1E706835BE75}"
EndProject
Project("{F2A71F9B-5D33-465A-A702-920D77279786}") = "FinancialAccounting.Application", "src\FinancialAccounting.Application\FinancialAccounting.Application.fsproj", "{1C354C63-D6FE-4954-B328-E15CBDCAE38F}"
EndProject
Project("{F2A71F9B-5D33-465A-A702-920D77279786}") = "FinancialAccounting.Infrastructure", "src\FinancialAccounting.Infrastructure\FinancialAccounting.Infrastructure.fsproj", "{92B1B1A6-B7DC-432F-BCCE-6F3F67B0F141}"
EndProject
Project("{F2A71F9B-5D33-465A-A702-920D77279786}") = "FinancialAccounting.Api", "src\FinancialAccounting.Api\FinancialAccounting.Api.fsproj", "{2E64EB0F-A742-49E2-8F27-A7B4F5663B63}"
EndProject
Project("{2150E333-8FDC-42A3-9474-1A3956D46DE8}") = "tests", "tests", "{0AB3BF05-4346-4AA6-1389-037BE0695223}"
EndProject
Project("{F2A71F9B-5D33-465A-A702-920D77279786}") = "FinancialAccounting.Tests", "tests\FinancialAccounting.Tests\FinancialAccounting.Tests.fsproj", "{C95BD687-AC24-409F-8280-02D026009D78}"
EndProject
Project("{F2A71F9B-5D33-465A-A702-920D77279786}") = "ManagementAccounting.Domain", "src\ManagementAccounting.Domain\ManagementAccounting.Domain.fsproj", "{F73B6300-59AE-472E-B2D9-716CF1BE4887}"
EndProject
Project("{F2A71F9B-5D33-465A-A702-920D77279786}") = "ManagementAccounting.Application", "src\ManagementAccounting.Application\ManagementAccounting.Application.fsproj", "{FA8CEC05-68CA-47BF-9FC0-047BB5C66282}"
EndProject
Project("{F2A71F9B-5D33-465A-A702-920D77279786}") = "ManagementAccounting.Infrastructure", "src\ManagementAccounting.Infrastructure\ManagementAccounting.Infrastructure.fsproj", "{2132F46F-3178-46A3-B85D-5975C2C1D1EF}"
EndProject
Project("{F2A71F9B-5D33-465A-A702-920D77279786}") = "ManagementAccounting.Api", "src\ManagementAccounting.Api\ManagementAccounting.Api.fsproj", "{C5430598-EC6D-4B3B-9150-99372A235B00}"
EndProject
Project("{F2A71F9B-5D33-465A-A702-920D77279786}") = "ManagementAccounting.Tests", "tests\ManagementAccounting.Tests\ManagementAccounting.Tests.fsproj", "{E7BB8C8D-8B66-49E0-84E8-A8DA551D3B5A}"
EndProject
Global
	GlobalSection(SolutionConfigurationPlatforms) = preSolution
		Debug|Any CPU = Debug|Any CPU
		Debug|x64 = Debug|x64
		Debug|x86 = Debug|x86
		Release|Any CPU = Release|Any CPU
		Release|x64 = Release|x64
		Release|x86 = Release|x86
	EndGlobalSection
	GlobalSection(ProjectConfigurationPlatforms) = postSolution
		{019CADD7-4CEC-4DE1-A24B-1E706835BE75}.Debug|Any CPU.ActiveCfg = Debug|Any CPU
		{019CADD7-4CEC-4DE1-A24B-1E706835BE75}.Debug|Any CPU.Build.0 = Debug|Any CPU
		{019CADD7-4CEC-4DE1-A24B-1E706835BE75}.Debug|x64.ActiveCfg = Debug|Any CPU
		{019CADD7-4CEC-4DE1-A24B-1E706835BE75}.Debug|x64.Build.0 = Debug|Any CPU
		{019CADD7-4CEC-4DE1-A24B-1E706835BE75}.Debug|x86.ActiveCfg = Debug|Any CPU
		{019CADD7-4CEC-4DE1-A24B-1E706835BE75}.Debug|x86.Build.0 = Debug|Any CPU
		{019CADD7-4CEC-4DE1-A24B-1E706835BE75}.Release|Any CPU.ActiveCfg = Release|Any CPU
		{019CADD7-4CEC-4DE1-A24B-1E706835BE75}.Release|Any CPU.Build.0 = Release|Any CPU
		{019CADD7-4CEC-4DE1-A24B-1E706835BE75}.Release|x64.ActiveCfg = Release|Any CPU
		{019CADD7-4CEC-4DE1-A24B-1E706835BE75}.Release|x64.Build.0 = Release|Any CPU
		{019CADD7-4CEC-4DE1-A24B-1E706835BE75}.Release|x86.ActiveCfg = Release|Any CPU
		{019CADD7-4CEC-4DE1-A24B-1E706835BE75}.Release|x86.Build.0 = Release|Any CPU
		{1C354C63-D6FE-4954-B328-E15CBDCAE38F}.Debug|Any CPU.ActiveCfg = Debug|Any CPU
		{1C354C63-D6FE-4954-B328-E15CBDCAE38F}.Debug|Any CPU.Build.0 = Debug|Any CPU
		{1C354C63-D6FE-4954-B328-E15CBDCAE38F}.Debug|x64.ActiveCfg = Debug|Any CPU
		{1C354C63-D6FE-4954-B328-E15CBDCAE38F}.Debug|x64.Build.0 = Debug|Any CPU
		{1C354C63-D6FE-4954-B328-E15CBDCAE38F}.Debug|x86.ActiveCfg = Debug|Any CPU
		{1C354C63-D6FE-4954-B328-E15CBDCAE38F}.Debug|x86.Build.0 = Debug|Any CPU
		{1C354C63-D6FE-4954-B328-E15CBDCAE38F}.Release|Any CPU.ActiveCfg = Release|Any CPU
		{1C354C63-D6FE-4954-B328-E15CBDCAE38F}.Release|Any CPU.Build.0 = Release|Any CPU
		{1C354C63-D6FE-4954-B328-E15CBDCAE38F}.Release|x64.ActiveCfg = Release|Any CPU
		{1C354C63-D6FE-4954-B328-E15CBDCAE38F}.Release|x64.Build.0 = Release|Any CPU
		{1C354C63-D6FE-4954-B328-E15CBDCAE38F}.Release|x86.ActiveCfg = Release|Any CPU
		{1C354C63-D6FE-4954-B328-E15CBDCAE38F}.Release|x86.Build.0 = Release|Any CPU
		{92B1B1A6-B7DC-432F-BCCE-6F3F67B0F141}.Debug|Any CPU.ActiveCfg = Debug|Any CPU
		{92B1B1A6-B7DC-432F-BCCE-6F3F67B0F141}.Debug|Any CPU.Build.0 = Debug|Any CPU
		{92B1B1A6-B7DC-432F-BCCE-6F3F67B0F141}.Debug|x64.ActiveCfg = Debug|Any CPU
		{92B1B1A6-B7DC-432F-BCCE-6F3F67B0F141}.Debug|x64.Build.0 = Debug|Any CPU
		{92B1B1A6-B7DC-432F-BCCE-6F3F67B0F141}.Debug|x86.ActiveCfg = Debug|Any CPU
		{92B1B1A6-B7DC-432F-BCCE-6F3F67B0F141}.Debug|x86.Build.0 = Debug|Any CPU
		{92B1B1A6-B7DC-432F-BCCE-6F3F67B0F141}.Release|Any CPU.ActiveCfg = Release|Any CPU
		{92B1B1A6-B7DC-432F-BCCE-6F3F67B0F141}.Release|Any CPU.Build.0 = Release|Any CPU
		{92B1B1A6-B7DC-432F-BCCE-6F3F67B0F141}.Release|x64.ActiveCfg = Release|Any CPU
		{92B1B1A6-B7DC-432F-BCCE-6F3F67B0F141}.Release|x64.Build.0 = Release|Any CPU
		{92B1B1A6-B7DC-432F-BCCE-6F3F67B0F141}.Release|x86.ActiveCfg = Release|Any CPU
		{92B1B1A6-B7DC-432F-BCCE-6F3F67B0F141}.Release|x86.Build.0 = Release|Any CPU
		{2E64EB0F-A742-49E2-8F27-A7B4F5663B63}.Debug|Any CPU.ActiveCfg = Debug|Any CPU
		{2E64EB0F-A742-49E2-8F27-A7B4F5663B63}.Debug|Any CPU.Build.0 = Debug|Any CPU
		{2E64EB0F-A742-49E2-8F27-A7B4F5663B63}.Debug|x64.ActiveCfg = Debug|Any CPU
		{2E64EB0F-A742-49E2-8F27-A7B4F5663B63}.Debug|x64.Build.0 = Debug|Any CPU
		{2E64EB0F-A742-49E2-8F27-A7B4F5663B63}.Debug|x86.ActiveCfg = Debug|Any CPU
		{2E64EB0F-A742-49E2-8F27-A7B4F5663B63}.Debug|x86.Build.0 = Debug|Any CPU
		{2E64EB0F-A742-49E2-8F27-A7B4F5663B63}.Release|Any CPU.ActiveCfg = Release|Any CPU
		{2E64EB0F-A742-49E2-8F27-A7B4F5663B63}.Release|Any CPU.Build.0 = Release|Any CPU
		{2E64EB0F-A742-49E2-8F27-A7B4F5663B63}.Release|x64.ActiveCfg = Release|Any CPU
		{2E64EB0F-A742-49E2-8F27-A7B4F5663B63}.Release|x64.Build.0 = Release|Any CPU
		{2E64EB0F-A742-49E2-8F27-A7B4F5663B63}.Release|x86.ActiveCfg = Release|Any CPU
		{2E64EB0F-A742-49E2-8F27-A7B4F5663B63}.Release|x86.Build.0 = Release|Any CPU
		{C95BD687-AC24-409F-8280-02D026009D78}.Debug|Any CPU.ActiveCfg = Debug|Any CPU
		{C95BD687-AC24-409F-8280-02D026009D78}.Debug|Any CPU.Build.0 = Debug|Any CPU
		{C95BD687-AC24-409F-8280-02D026009D78}.Debug|x64.ActiveCfg = Debug|Any CPU
		{C95BD687-AC24-409F-8280-02D026009D78}.Debug|x64.Build.0 = Debug|Any CPU
		{C95BD687-AC24-409F-8280-02D026009D78}.Debug|x86.ActiveCfg = Debug|Any CPU
		{C95BD687-AC24-409F-8280-02D026009D78}.Debug|x86.Build.0 = Debug|Any CPU
		{C95BD687-AC24-409F-8280-02D026009D78}.Release|Any CPU.ActiveCfg = Release|Any CPU
		{C95BD687-AC24-409F-8280-02D026009D78}.Release|Any CPU.Build.0 = Release|Any CPU
		{C95BD687-AC24-409F-8280-02D026009D78}.Release|x64.ActiveCfg = Release|Any CPU
		{C95BD687-AC24-409F-8280-02D026009D78}.Release|x64.Build.0 = Release|Any CPU
		{C95BD687-AC24-409F-8280-02D026009D78}.Release|x86.ActiveCfg = Release|Any CPU
		{C95BD687-AC24-409F-8280-02D026009D78}.Release|x86.Build.0 = Release|Any CPU
		{F73B6300-59AE-472E-B2D9-716CF1BE4887}.Debug|Any CPU.ActiveCfg = Debug|Any CPU
		{F73B6300-59AE-472E-B2D9-716CF1BE4887}.Debug|Any CPU.Build.0 = Debug|Any CPU
		{F73B6300-59AE-472E-B2D9-716CF1BE4887}.Debug|x64.ActiveCfg = Debug|Any CPU
		{F73B6300-59AE-472E-B2D9-716CF1BE4887}.Debug|x64.Build.0 = Debug|Any CPU
		{F73B6300-59AE-472E-B2D9-716CF1BE4887}.Debug|x86.ActiveCfg = Debug|Any CPU
		{F73B6300-59AE-472E-B2D9-716CF1BE4887}.Debug|x86.Build.0 = Debug|Any CPU
		{F73B6300-59AE-472E-B2D9-716CF1BE4887}.Release|Any CPU.ActiveCfg = Release|Any CPU
		{F73B6300-59AE-472E-B2D9-716CF1BE4887}.Release|Any CPU.Build.0 = Release|Any CPU
		{F73B6300-59AE-472E-B2D9-716CF1BE4887}.Release|x64.ActiveCfg = Release|Any CPU
		{F73B6300-59AE-472E-B2D9-716CF1BE4887}.Release|x64.Build.0 = Release|Any CPU
		{F73B6300-59AE-472E-B2D9-716CF1BE4887}.Release|x86.ActiveCfg = Release|Any CPU
		{F73B6300-59AE-472E-B2D9-716CF1BE4887}.Release|x86.Build.0 = Release|Any CPU
		{FA8CEC05-68CA-47BF-9FC0-047BB5C66282}.Debug|Any CPU.ActiveCfg = Debug|Any CPU
		{FA8CEC05-68CA-47BF-9FC0-047BB5C66282}.Debug|Any CPU.Build.0 = Debug|Any CPU
		{FA8CEC05-68CA-47BF-9FC0-047BB5C66282}.Debug|x64.ActiveCfg = Debug|Any CPU
		{FA8CEC05-68CA-47BF-9FC0-047BB5C66282}.Debug|x64.Build.0 = Debug|Any CPU
		{FA8CEC05-68CA-47BF-9FC0-047BB5C66282}.Debug|x86.ActiveCfg = Debug|Any CPU
		{FA8CEC05-68CA-47BF-9FC0-047BB5C66282}.Debug|x86.Build.0 = Debug|Any CPU
		{FA8CEC05-68CA-47BF-9FC0-047BB5C66282}.Release|Any CPU.ActiveCfg = Release|Any CPU
		{FA8CEC05-68CA-47BF-9FC0-047BB5C66282}.Release|Any CPU.Build.0 = Release|Any CPU
		{FA8CEC05-68CA-47BF-9FC0-047BB5C66282}.Release|x64.ActiveCfg = Release|Any CPU
		{FA8CEC05-68CA-47BF-9FC0-047BB5C66282}.Release|x64.Build.0 = Release|Any CPU
		{FA8CEC05-68CA-47BF-9FC0-047BB5C66282}.Release|x86.ActiveCfg = Release|Any CPU
		{FA8CEC05-68CA-47BF-9FC0-047BB5C66282}.Release|x86.Build.0 = Release|Any CPU
		{2132F46F-3178-46A3-B85D-5975C2C1D1EF}.Debug|Any CPU.ActiveCfg = Debug|Any CPU
		{2132F46F-3178-46A3-B85D-5975C2C1D1EF}.Debug|Any CPU.Build.0 = Debug|Any CPU
		{2132F46F-3178-46A3-B85D-5975C2C1D1EF}.Debug|x64.ActiveCfg = Debug|Any CPU
		{2132F46F-3178-46A3-B85D-5975C2C1D1EF}.Debug|x64.Build.0 = Debug|Any CPU
		{2132F46F-3178-46A3-B85D-5975C2C1D1EF}.Debug|x86.ActiveCfg = Debug|Any CPU
		{2132F46F-3178-46A3-B85D-5975C2C1D1EF}.Debug|x86.Build.0 = Debug|Any CPU
		{2132F46F-3178-46A3-B85D-5975C2C1D1EF}.Release|Any CPU.ActiveCfg = Release|Any CPU
		{2132F46F-3178-46A3-B85D-5975C2C1D1EF}.Release|Any CPU.Build.0 = Release|Any CPU
		{2132F46F-3178-46A3-B85D-5975C2C1D1EF}.Release|x64.ActiveCfg = Release|Any CPU
		{2132F46F-3178-46A3-B85D-5975C2C1D1EF}.Release|x64.Build.0 = Release|Any CPU
		{2132F46F-3178-46A3-B85D-5975C2C1D1EF}.Release|x86.ActiveCfg = Release|Any CPU
		{2132F46F-3178-46A3-B85D-5975C2C1D1EF}.Release|x86.Build.0 = Release|Any CPU
		{C5430598-EC6D-4B3B-9150-99372A235B00}.Debug|Any CPU.ActiveCfg = Debug|Any CPU
		{C5430598-EC6D-4B3B-9150-99372A235B00}.Debug|Any CPU.Build.0 = Debug|Any CPU
		{C5430598-EC6D-4B3B-9150-99372A235B00}.Debug|x64.ActiveCfg = Debug|Any CPU
		{C5430598-EC6D-4B3B-9150-99372A235B00}.Debug|x64.Build.0 = Debug|Any CPU
		{C5430598-EC6D-4B3B-9150-99372A235B00}.Debug|x86.ActiveCfg = Debug|Any CPU
		{C5430598-EC6D-4B3B-9150-99372A235B00}.Debug|x86.Build.0 = Debug|Any CPU
		{C5430598-EC6D-4B3B-9150-99372A235B00}.Release|Any CPU.ActiveCfg = Release|Any CPU
		{C5430598-EC6D-4B3B-9150-99372A235B00}.Release|Any CPU.Build.0 = Release|Any CPU
		{C5430598-EC6D-4B3B-9150-99372A235B00}.Release|x64.ActiveCfg = Release|Any CPU
		{C5430598-EC6D-4B3B-9150-99372A235B00}.Release|x64.Build.0 = Release|Any CPU
		{C5430598-EC6D-4B3B-9150-99372A235B00}.Release|x86.ActiveCfg = Release|Any CPU
		{C5430598-EC6D-4B3B-9150-99372A235B00}.Release|x86.Build.0 = Release|Any CPU
		{E7BB8C8D-8B66-49E0-84E8-A8DA551D3B5A}.Debug|Any CPU.ActiveCfg = Debug|Any CPU
		{E7BB8C8D-8B66-49E0-84E8-A8DA551D3B5A}.Debug|Any CPU.Build.0 = Debug|Any CPU
		{E7BB8C8D-8B66-49E0-84E8-A8DA551D3B5A}.Debug|x64.ActiveCfg = Debug|Any CPU
		{E7BB8C8D-8B66-49E0-84E8-A8DA551D3B5A}.Debug|x64.Build.0 = Debug|Any CPU
		{E7BB8C8D-8B66-49E0-84E8-A8DA551D3B5A}.Debug|x86.ActiveCfg = Debug|Any CPU
		{E7BB8C8D-8B66-49E0-84E8-A8DA551D3B5A}.Debug|x86.Build.0 = Debug|Any CPU
		{E7BB8C8D-8B66-49E0-84E8-A8DA551D3B5A}.Release|Any CPU.ActiveCfg = Release|Any CPU
		{E7BB8C8D-8B66-49E0-84E8-A8DA551D3B5A}.Release|Any CPU.Build.0 = Release|Any CPU
		{E7BB8C8D-8B66-49E0-84E8-A8DA551D3B5A}.Release|x64.ActiveCfg = Release|Any CPU
		{E7BB8C8D-8B66-49E0-84E8-A8DA551D3B5A}.Release|x64.Build.0 = Release|Any CPU
		{E7BB8C8D-8B66-49E0-84E8-A8DA551D3B5A}.Release|x86.ActiveCfg = Release|Any CPU
		{E7BB8C8D-8B66-49E0-84E8-A8DA551D3B5A}.Release|x86.Build.0 = Release|Any CPU
	EndGlobalSection
	GlobalSection(SolutionProperties) = preSolution
		HideSolutionNode = FALSE
	EndGlobalSection
	GlobalSection(NestedProjects) = preSolution
		{019CADD7-4CEC-4DE1-A24B-1E706835BE75} = {827E0CD3-B72D-47B6-A68D-7590B98EB39B}
		{1C354C63-D6FE-4954-B328-E15CBDCAE38F} = {827E0CD3-B72D-47B6-A68D-7590B98EB39B}
		{92B1B1A6-B7DC-432F-BCCE-6F3F67B0F141} = {827E0CD3-B72D-47B6-A68D-7590B98EB39B}
		{2E64EB0F-A742-49E2-8F27-A7B4F5663B63} = {827E0CD3-B72D-47B6-A68D-7590B98EB39B}
		{C95BD687-AC24-409F-8280-02D026009D78} = {0AB3BF05-4346-4AA6-1389-037BE0695223}
		{F73B6300-59AE-472E-B2D9-716CF1BE4887} = {827E0CD3-B72D-47B6-A68D-7590B98EB39B}
		{FA8CEC05-68CA-47BF-9FC0-047BB5C66282} = {827E0CD3-B72D-47B6-A68D-7590B98EB39B}
		{2132F46F-3178-46A3-B85D-5975C2C1D1EF} = {827E0CD3-B72D-47B6-A68D-7590B98EB39B}
		{C5430598-EC6D-4B3B-9150-99372A235B00} = {827E0CD3-B72D-47B6-A68D-7590B98EB39B}
		{E7BB8C8D-8B66-49E0-84E8-A8DA551D3B5A} = {0AB3BF05-4346-4AA6-1389-037BE0695223}
	EndGlobalSection
EndGlobal
