
Microsoft Visual Studio Solution File, Format Version 12.00
# Visual Studio Version 17
VisualStudioVersion = 17.0.31903.59
MinimumVisualStudioVersion = 10.0.40219.1
Project("{F2A71F9B-5D33-465A-A702-920D77279786}") = "AccountingSystem.Domain", "AccountingSystem.Domain\AccountingSystem.Domain.fsproj", "{9780FE89-7361-4D17-934E-316F010050E1}"
EndProject
Project("{F2A71F9B-5D33-465A-A702-920D77279786}") = "AccountingSystem.Infrastructure", "AccountingSystem.Infrastructure\AccountingSystem.Infrastructure.fsproj", "{31AAE660-3D3B-482A-956C-C8688A5AC6B3}"
EndProject
Project("{F2A71F9B-5D33-465A-A702-920D77279786}") = "AccountingSystem.Tests", "AccountingSystem.Tests\AccountingSystem.Tests.fsproj", "{EE4379B5-C9B8-4649-B4DA-4F2484D5D9DC}"
EndProject
Project("{F2A71F9B-5D33-465A-A702-920D77279786}") = "AccountingSystem.Application", "AccountingSystem.Application\AccountingSystem.Application.fsproj", "{17206E23-A243-483B-BA1B-3C64CCA2A071}"
EndProject
Project("{F2A71F9B-5D33-465A-A702-920D77279786}") = "AccountingSystem.Api", "AccountingSystem.Api\AccountingSystem.Api.fsproj", "{5B591AA0-F0E8-4267-912C-CA82A5B9CA2F}"
EndProject
Global
	GlobalSection(SolutionConfigurationPlatforms) = preSolution
		Debug|Any CPU = Debug|Any CPU
		Debug|x64 = Debug|x64
		Debug|x86 = Debug|x86
		Release|Any CPU = Release|Any CPU
		Release|x64 = Release|x64
		Release|x86 = Release|x86
	EndGlobalSection
	GlobalSection(ProjectConfigurationPlatforms) = postSolution
		{9780FE89-7361-4D17-934E-316F010050E1}.Debug|Any CPU.ActiveCfg = Debug|Any CPU
		{9780FE89-7361-4D17-934E-316F010050E1}.Debug|Any CPU.Build.0 = Debug|Any CPU
		{9780FE89-7361-4D17-934E-316F010050E1}.Debug|x64.ActiveCfg = Debug|Any CPU
		{9780FE89-7361-4D17-934E-316F010050E1}.Debug|x64.Build.0 = Debug|Any CPU
		{9780FE89-7361-4D17-934E-316F010050E1}.Debug|x86.ActiveCfg = Debug|Any CPU
		{9780FE89-7361-4D17-934E-316F010050E1}.Debug|x86.Build.0 = Debug|Any CPU
		{9780FE89-7361-4D17-934E-316F010050E1}.Release|Any CPU.ActiveCfg = Release|Any CPU
		{9780FE89-7361-4D17-934E-316F010050E1}.Release|Any CPU.Build.0 = Release|Any CPU
		{9780FE89-7361-4D17-934E-316F010050E1}.Release|x64.ActiveCfg = Release|Any CPU
		{9780FE89-7361-4D17-934E-316F010050E1}.Release|x64.Build.0 = Release|Any CPU
		{9780FE89-7361-4D17-934E-316F010050E1}.Release|x86.ActiveCfg = Release|Any CPU
		{9780FE89-7361-4D17-934E-316F010050E1}.Release|x86.Build.0 = Release|Any CPU
		{31AAE660-3D3B-482A-956C-C8688A5AC6B3}.Debug|Any CPU.ActiveCfg = Debug|Any CPU
		{31AAE660-3D3B-482A-956C-C8688A5AC6B3}.Debug|Any CPU.Build.0 = Debug|Any CPU
		{31AAE660-3D3B-482A-956C-C8688A5AC6B3}.Debug|x64.ActiveCfg = Debug|Any CPU
		{31AAE660-3D3B-482A-956C-C8688A5AC6B3}.Debug|x64.Build.0 = Debug|Any CPU
		{31AAE660-3D3B-482A-956C-C8688A5AC6B3}.Debug|x86.ActiveCfg = Debug|Any CPU
		{31AAE660-3D3B-482A-956C-C8688A5AC6B3}.Debug|x86.Build.0 = Debug|Any CPU
		{31AAE660-3D3B-482A-956C-C8688A5AC6B3}.Release|Any CPU.ActiveCfg = Release|Any CPU
		{31AAE660-3D3B-482A-956C-C8688A5AC6B3}.Release|Any CPU.Build.0 = Release|Any CPU
		{31AAE660-3D3B-482A-956C-C8688A5AC6B3}.Release|x64.ActiveCfg = Release|Any CPU
		{31AAE660-3D3B-482A-956C-C8688A5AC6B3}.Release|x64.Build.0 = Release|Any CPU
		{31AAE660-3D3B-482A-956C-C8688A5AC6B3}.Release|x86.ActiveCfg = Release|Any CPU
		{31AAE660-3D3B-482A-956C-C8688A5AC6B3}.Release|x86.Build.0 = Release|Any CPU
		{EE4379B5-C9B8-4649-B4DA-4F2484D5D9DC}.Debug|Any CPU.ActiveCfg = Debug|Any CPU
		{EE4379B5-C9B8-4649-B4DA-4F2484D5D9DC}.Debug|Any CPU.Build.0 = Debug|Any CPU
		{EE4379B5-C9B8-4649-B4DA-4F2484D5D9DC}.Debug|x64.ActiveCfg = Debug|Any CPU
		{EE4379B5-C9B8-4649-B4DA-4F2484D5D9DC}.Debug|x64.Build.0 = Debug|Any CPU
		{EE4379B5-C9B8-4649-B4DA-4F2484D5D9DC}.Debug|x86.ActiveCfg = Debug|Any CPU
		{EE4379B5-C9B8-4649-B4DA-4F2484D5D9DC}.Debug|x86.Build.0 = Debug|Any CPU
		{EE4379B5-C9B8-4649-B4DA-4F2484D5D9DC}.Release|Any CPU.ActiveCfg = Release|Any CPU
		{EE4379B5-C9B8-4649-B4DA-4F2484D5D9DC}.Release|Any CPU.Build.0 = Release|Any CPU
		{EE4379B5-C9B8-4649-B4DA-4F2484D5D9DC}.Release|x64.ActiveCfg = Release|Any CPU
		{EE4379B5-C9B8-4649-B4DA-4F2484D5D9DC}.Release|x64.Build.0 = Release|Any CPU
		{EE4379B5-C9B8-4649-B4DA-4F2484D5D9DC}.Release|x86.ActiveCfg = Release|Any CPU
		{EE4379B5-C9B8-4649-B4DA-4F2484D5D9DC}.Release|x86.Build.0 = Release|Any CPU
		{17206E23-A243-483B-BA1B-3C64CCA2A071}.Debug|Any CPU.ActiveCfg = Debug|Any CPU
		{17206E23-A243-483B-BA1B-3C64CCA2A071}.Debug|Any CPU.Build.0 = Debug|Any CPU
		{17206E23-A243-483B-BA1B-3C64CCA2A071}.Debug|x64.ActiveCfg = Debug|Any CPU
		{17206E23-A243-483B-BA1B-3C64CCA2A071}.Debug|x64.Build.0 = Debug|Any CPU
		{17206E23-A243-483B-BA1B-3C64CCA2A071}.Debug|x86.ActiveCfg = Debug|Any CPU
		{17206E23-A243-483B-BA1B-3C64CCA2A071}.Debug|x86.Build.0 = Debug|Any CPU
		{17206E23-A243-483B-BA1B-3C64CCA2A071}.Release|Any CPU.ActiveCfg = Release|Any CPU
		{17206E23-A243-483B-BA1B-3C64CCA2A071}.Release|Any CPU.Build.0 = Release|Any CPU
		{17206E23-A243-483B-BA1B-3C64CCA2A071}.Release|x64.ActiveCfg = Release|Any CPU
		{17206E23-A243-483B-BA1B-3C64CCA2A071}.Release|x64.Build.0 = Release|Any CPU
		{17206E23-A243-483B-BA1B-3C64CCA2A071}.Release|x86.ActiveCfg = Release|Any CPU
		{17206E23-A243-483B-BA1B-3C64CCA2A071}.Release|x86.Build.0 = Release|Any CPU
		{5B591AA0-F0E8-4267-912C-CA82A5B9CA2F}.Debug|Any CPU.ActiveCfg = Debug|Any CPU
		{5B591AA0-F0E8-4267-912C-CA82A5B9CA2F}.Debug|Any CPU.Build.0 = Debug|Any CPU
		{5B591AA0-F0E8-4267-912C-CA82A5B9CA2F}.Debug|x64.ActiveCfg = Debug|Any CPU
		{5B591AA0-F0E8-4267-912C-CA82A5B9CA2F}.Debug|x64.Build.0 = Debug|Any CPU
		{5B591AA0-F0E8-4267-912C-CA82A5B9CA2F}.Debug|x86.ActiveCfg = Debug|Any CPU
		{5B591AA0-F0E8-4267-912C-CA82A5B9CA2F}.Debug|x86.Build.0 = Debug|Any CPU
		{5B591AA0-F0E8-4267-912C-CA82A5B9CA2F}.Release|Any CPU.ActiveCfg = Release|Any CPU
		{5B591AA0-F0E8-4267-912C-CA82A5B9CA2F}.Release|Any CPU.Build.0 = Release|Any CPU
		{5B591AA0-F0E8-4267-912C-CA82A5B9CA2F}.Release|x64.ActiveCfg = Release|Any CPU
		{5B591AA0-F0E8-4267-912C-CA82A5B9CA2F}.Release|x64.Build.0 = Release|Any CPU
		{5B591AA0-F0E8-4267-912C-CA82A5B9CA2F}.Release|x86.ActiveCfg = Release|Any CPU
		{5B591AA0-F0E8-4267-912C-CA82A5B9CA2F}.Release|x86.Build.0 = Release|Any CPU
	EndGlobalSection
	GlobalSection(SolutionProperties) = preSolution
		HideSolutionNode = FALSE
	EndGlobalSection
EndGlobal
