
Microsoft Visual Studio Solution File, Format Version 12.00
# Visual Studio Version 17
VisualStudioVersion = 17.0.31903.59
MinimumVisualStudioVersion = 10.0.40219.1
Project("{2150E333-8FDC-42A3-9474-1A3956D46DE8}") = "src", "src", "{827E0CD3-B72D-47B6-A68D-7590B98EB39B}"
EndProject
Project("{FAE04EC0-301F-11D3-BF4B-00C04F79EFBC}") = "ProductionManagement.Domain", "src\ProductionManagement.Domain\ProductionManagement.Domain.csproj", "{13B7D82C-F88D-4A3B-913C-0D6DED4918B0}"
EndProject
Project("{FAE04EC0-301F-11D3-BF4B-00C04F79EFBC}") = "ProductionManagement.Infrastructure", "src\ProductionManagement.Infrastructure\ProductionManagement.Infrastructure.csproj", "{CC26C813-B497-4889-9CB1-37DA56C7A291}"
EndProject
Project("{2150E333-8FDC-42A3-9474-1A3956D46DE8}") = "tests", "tests", "{0AB3BF05-4346-4AA6-1389-037BE0695223}"
EndProject
Project("{FAE04EC0-301F-11D3-BF4B-00C04F79EFBC}") = "ProductionManagement.Tests", "tests\ProductionManagement.Tests\ProductionManagement.Tests.csproj", "{88EB9200-6350-4266-8B21-69EE0ACD4BF1}"
EndProject
Project("{FAE04EC0-301F-11D3-BF4B-00C04F79EFBC}") = "ProductionManagement.Application", "src\ProductionManagement.Application\ProductionManagement.Application.csproj", "{83618729-963F-4562-86A9-3EC9ACE185B5}"
EndProject
Project("{2150E333-8FDC-42A3-9474-1A3956D46DE8}") = "tools", "tools", "{07C2787E-EAC7-C090-1BA3-A61EC2A24D84}"
EndProject
Project("{FAE04EC0-301F-11D3-BF4B-00C04F79EFBC}") = "ProductionManagement.Migrator", "tools\ProductionManagement.Migrator\ProductionManagement.Migrator.csproj", "{C19E0443-156B-4F61-AA4C-E27D2C166492}"
EndProject
Project("{FAE04EC0-301F-11D3-BF4B-00C04F79EFBC}") = "ProductionManagement.Seeder", "tools\ProductionManagement.Seeder\ProductionManagement.Seeder.csproj", "{1BE73FAD-C298-488D-BF4B-05F7ACF0D984}"
EndProject
Global
	GlobalSection(SolutionConfigurationPlatforms) = preSolution
		Debug|Any CPU = Debug|Any CPU
		Debug|x64 = Debug|x64
		Debug|x86 = Debug|x86
		Release|Any CPU = Release|Any CPU
		Release|x64 = Release|x64
		Release|x86 = Release|x86
	EndGlobalSection
	GlobalSection(ProjectConfigurationPlatforms) = postSolution
		{13B7D82C-F88D-4A3B-913C-0D6DED4918B0}.Debug|Any CPU.ActiveCfg = Debug|Any CPU
		{13B7D82C-F88D-4A3B-913C-0D6DED4918B0}.Debug|Any CPU.Build.0 = Debug|Any CPU
		{13B7D82C-F88D-4A3B-913C-0D6DED4918B0}.Debug|x64.ActiveCfg = Debug|Any CPU
		{13B7D82C-F88D-4A3B-913C-0D6DED4918B0}.Debug|x64.Build.0 = Debug|Any CPU
		{13B7D82C-F88D-4A3B-913C-0D6DED4918B0}.Debug|x86.ActiveCfg = Debug|Any CPU
		{13B7D82C-F88D-4A3B-913C-0D6DED4918B0}.Debug|x86.Build.0 = Debug|Any CPU
		{13B7D82C-F88D-4A3B-913C-0D6DED4918B0}.Release|Any CPU.ActiveCfg = Release|Any CPU
		{13B7D82C-F88D-4A3B-913C-0D6DED4918B0}.Release|Any CPU.Build.0 = Release|Any CPU
		{13B7D82C-F88D-4A3B-913C-0D6DED4918B0}.Release|x64.ActiveCfg = Release|Any CPU
		{13B7D82C-F88D-4A3B-913C-0D6DED4918B0}.Release|x64.Build.0 = Release|Any CPU
		{13B7D82C-F88D-4A3B-913C-0D6DED4918B0}.Release|x86.ActiveCfg = Release|Any CPU
		{13B7D82C-F88D-4A3B-913C-0D6DED4918B0}.Release|x86.Build.0 = Release|Any CPU
		{CC26C813-B497-4889-9CB1-37DA56C7A291}.Debug|Any CPU.ActiveCfg = Debug|Any CPU
		{CC26C813-B497-4889-9CB1-37DA56C7A291}.Debug|Any CPU.Build.0 = Debug|Any CPU
		{CC26C813-B497-4889-9CB1-37DA56C7A291}.Debug|x64.ActiveCfg = Debug|Any CPU
		{CC26C813-B497-4889-9CB1-37DA56C7A291}.Debug|x64.Build.0 = Debug|Any CPU
		{CC26C813-B497-4889-9CB1-37DA56C7A291}.Debug|x86.ActiveCfg = Debug|Any CPU
		{CC26C813-B497-4889-9CB1-37DA56C7A291}.Debug|x86.Build.0 = Debug|Any CPU
		{CC26C813-B497-4889-9CB1-37DA56C7A291}.Release|Any CPU.ActiveCfg = Release|Any CPU
		{CC26C813-B497-4889-9CB1-37DA56C7A291}.Release|Any CPU.Build.0 = Release|Any CPU
		{CC26C813-B497-4889-9CB1-37DA56C7A291}.Release|x64.ActiveCfg = Release|Any CPU
		{CC26C813-B497-4889-9CB1-37DA56C7A291}.Release|x64.Build.0 = Release|Any CPU
		{CC26C813-B497-4889-9CB1-37DA56C7A291}.Release|x86.ActiveCfg = Release|Any CPU
		{CC26C813-B497-4889-9CB1-37DA56C7A291}.Release|x86.Build.0 = Release|Any CPU
		{88EB9200-6350-4266-8B21-69EE0ACD4BF1}.Debug|Any CPU.ActiveCfg = Debug|Any CPU
		{88EB9200-6350-4266-8B21-69EE0ACD4BF1}.Debug|Any CPU.Build.0 = Debug|Any CPU
		{88EB9200-6350-4266-8B21-69EE0ACD4BF1}.Debug|x64.ActiveCfg = Debug|Any CPU
		{88EB9200-6350-4266-8B21-69EE0ACD4BF1}.Debug|x64.Build.0 = Debug|Any CPU
		{88EB9200-6350-4266-8B21-69EE0ACD4BF1}.Debug|x86.ActiveCfg = Debug|Any CPU
		{88EB9200-6350-4266-8B21-69EE0ACD4BF1}.Debug|x86.Build.0 = Debug|Any CPU
		{88EB9200-6350-4266-8B21-69EE0ACD4BF1}.Release|Any CPU.ActiveCfg = Release|Any CPU
		{88EB9200-6350-4266-8B21-69EE0ACD4BF1}.Release|Any CPU.Build.0 = Release|Any CPU
		{88EB9200-6350-4266-8B21-69EE0ACD4BF1}.Release|x64.ActiveCfg = Release|Any CPU
		{88EB9200-6350-4266-8B21-69EE0ACD4BF1}.Release|x64.Build.0 = Release|Any CPU
		{88EB9200-6350-4266-8B21-69EE0ACD4BF1}.Release|x86.ActiveCfg = Release|Any CPU
		{88EB9200-6350-4266-8B21-69EE0ACD4BF1}.Release|x86.Build.0 = Release|Any CPU
		{83618729-963F-4562-86A9-3EC9ACE185B5}.Debug|Any CPU.ActiveCfg = Debug|Any CPU
		{83618729-963F-4562-86A9-3EC9ACE185B5}.Debug|Any CPU.Build.0 = Debug|Any CPU
		{83618729-963F-4562-86A9-3EC9ACE185B5}.Debug|x64.ActiveCfg = Debug|Any CPU
		{83618729-963F-4562-86A9-3EC9ACE185B5}.Debug|x64.Build.0 = Debug|Any CPU
		{83618729-963F-4562-86A9-3EC9ACE185B5}.Debug|x86.ActiveCfg = Debug|Any CPU
		{83618729-963F-4562-86A9-3EC9ACE185B5}.Debug|x86.Build.0 = Debug|Any CPU
		{83618729-963F-4562-86A9-3EC9ACE185B5}.Release|Any CPU.ActiveCfg = Release|Any CPU
		{83618729-963F-4562-86A9-3EC9ACE185B5}.Release|Any CPU.Build.0 = Release|Any CPU
		{83618729-963F-4562-86A9-3EC9ACE185B5}.Release|x64.ActiveCfg = Release|Any CPU
		{83618729-963F-4562-86A9-3EC9ACE185B5}.Release|x64.Build.0 = Release|Any CPU
		{83618729-963F-4562-86A9-3EC9ACE185B5}.Release|x86.ActiveCfg = Release|Any CPU
		{83618729-963F-4562-86A9-3EC9ACE185B5}.Release|x86.Build.0 = Release|Any CPU
		{C19E0443-156B-4F61-AA4C-E27D2C166492}.Debug|Any CPU.ActiveCfg = Debug|Any CPU
		{C19E0443-156B-4F61-AA4C-E27D2C166492}.Debug|Any CPU.Build.0 = Debug|Any CPU
		{C19E0443-156B-4F61-AA4C-E27D2C166492}.Debug|x64.ActiveCfg = Debug|Any CPU
		{C19E0443-156B-4F61-AA4C-E27D2C166492}.Debug|x64.Build.0 = Debug|Any CPU
		{C19E0443-156B-4F61-AA4C-E27D2C166492}.Debug|x86.ActiveCfg = Debug|Any CPU
		{C19E0443-156B-4F61-AA4C-E27D2C166492}.Debug|x86.Build.0 = Debug|Any CPU
		{C19E0443-156B-4F61-AA4C-E27D2C166492}.Release|Any CPU.ActiveCfg = Release|Any CPU
		{C19E0443-156B-4F61-AA4C-E27D2C166492}.Release|Any CPU.Build.0 = Release|Any CPU
		{C19E0443-156B-4F61-AA4C-E27D2C166492}.Release|x64.ActiveCfg = Release|Any CPU
		{C19E0443-156B-4F61-AA4C-E27D2C166492}.Release|x64.Build.0 = Release|Any CPU
		{C19E0443-156B-4F61-AA4C-E27D2C166492}.Release|x86.ActiveCfg = Release|Any CPU
		{C19E0443-156B-4F61-AA4C-E27D2C166492}.Release|x86.Build.0 = Release|Any CPU
		{1BE73FAD-C298-488D-BF4B-05F7ACF0D984}.Debug|Any CPU.ActiveCfg = Debug|Any CPU
		{1BE73FAD-C298-488D-BF4B-05F7ACF0D984}.Debug|Any CPU.Build.0 = Debug|Any CPU
		{1BE73FAD-C298-488D-BF4B-05F7ACF0D984}.Debug|x64.ActiveCfg = Debug|Any CPU
		{1BE73FAD-C298-488D-BF4B-05F7ACF0D984}.Debug|x64.Build.0 = Debug|Any CPU
		{1BE73FAD-C298-488D-BF4B-05F7ACF0D984}.Debug|x86.ActiveCfg = Debug|Any CPU
		{1BE73FAD-C298-488D-BF4B-05F7ACF0D984}.Debug|x86.Build.0 = Debug|Any CPU
		{1BE73FAD-C298-488D-BF4B-05F7ACF0D984}.Release|Any CPU.ActiveCfg = Release|Any CPU
		{1BE73FAD-C298-488D-BF4B-05F7ACF0D984}.Release|Any CPU.Build.0 = Release|Any CPU
		{1BE73FAD-C298-488D-BF4B-05F7ACF0D984}.Release|x64.ActiveCfg = Release|Any CPU
		{1BE73FAD-C298-488D-BF4B-05F7ACF0D984}.Release|x64.Build.0 = Release|Any CPU
		{1BE73FAD-C298-488D-BF4B-05F7ACF0D984}.Release|x86.ActiveCfg = Release|Any CPU
		{1BE73FAD-C298-488D-BF4B-05F7ACF0D984}.Release|x86.Build.0 = Release|Any CPU
	EndGlobalSection
	GlobalSection(SolutionProperties) = preSolution
		HideSolutionNode = FALSE
	EndGlobalSection
	GlobalSection(NestedProjects) = preSolution
		{13B7D82C-F88D-4A3B-913C-0D6DED4918B0} = {827E0CD3-B72D-47B6-A68D-7590B98EB39B}
		{CC26C813-B497-4889-9CB1-37DA56C7A291} = {827E0CD3-B72D-47B6-A68D-7590B98EB39B}
		{88EB9200-6350-4266-8B21-69EE0ACD4BF1} = {0AB3BF05-4346-4AA6-1389-037BE0695223}
		{83618729-963F-4562-86A9-3EC9ACE185B5} = {827E0CD3-B72D-47B6-A68D-7590B98EB39B}
		{C19E0443-156B-4F61-AA4C-E27D2C166492} = {07C2787E-EAC7-C090-1BA3-A61EC2A24D84}
		{1BE73FAD-C298-488D-BF4B-05F7ACF0D984} = {07C2787E-EAC7-C090-1BA3-A61EC2A24D84}
	EndGlobalSection
EndGlobal
